
Microsoft Visual Studio Solution File, Format Version 12.00
# Visual Studio Version 17
VisualStudioVersion = 17.4.33205.214
MinimumVisualStudioVersion = 10.0.40219.1
Project("{9A19103F-16F7-4668-BE54-9A1E7A4F7556}") = "SecureGateApi", "SecureGateApi\SecureGateApi.csproj", "{552DCF4A-F6E9-44A2-B8FB-B147B2CF232F}"
EndProject
Project("{2150E333-8FDC-42A3-9474-1A3956D46DE8}") = "SignalRHub", "SignalRHub", "{D229E83F-9BF1-4DC5-A4B9-01EF0FBEFFA6}"
EndProject
Project("{9A19103F-16F7-4668-BE54-9A1E7A4F7556}") = "SecureGate.WebApi.SignalRHub", "SecureGate.WebApi.SignalRHub\SecureGate.WebApi.SignalRHub.csproj", "{48D6589E-F8D8-4A47-B35E-A80A5005424F}"
EndProject
Project("{2150E333-8FDC-42A3-9474-1A3956D46DE8}") = "APIFramework", "APIFramework", "{08E4FE10-7740-42DB-BE6A-4CDF2CB79FB3}"
EndProject
Project("{9A19103F-16F7-4668-BE54-9A1E7A4F7556}") = "SecureGate.APIController.Framework", "SecureGate.APIController.Framework\SecureGate.APIController.Framework.csproj", "{15755B60-750D-4D38-A003-2609BD0CE44F}"
EndProject
Project("{2150E333-8FDC-42A3-9474-1A3956D46DE8}") = "ManageLogin", "ManageLogin", "{DB8D7EE0-D01F-474D-A029-E0BF44643739}"
EndProject
Project("{9A19103F-16F7-4668-BE54-9A1E7A4F7556}") = "SecureGate.ManageLogin", "SecureGate.ManageLogin\SecureGate.ManageLogin.csproj", "{9C882E47-8242-4CC6-9F74-551F9FE9DA62}"
EndProject
Project("{2150E333-8FDC-42A3-9474-1A3956D46DE8}") = "Framework", "Framework", "{1CAF0A23-49C7-4226-8F14-A850E5A1985B}"
EndProject
Project("{9A19103F-16F7-4668-BE54-9A1E7A4F7556}") = "SecureGate.Framework", "SecureGate.Framework\SecureGate.Framework.csproj", "{1D803B71-90DA-43EA-9B7F-C06B2B164359}"
EndProject
Project("{2150E333-8FDC-42A3-9474-1A3956D46DE8}") = "DataAccess", "DataAccess", "{9452CC25-FBD2-4615-9436-787FD2BD4857}"
EndProject
Project("{9A19103F-16F7-4668-BE54-9A1E7A4F7556}") = "SecureGate.DataAccess.Common", "SecureGate.DataAccess.Common\SecureGate.DataAccess.Common.csproj", "{F528188D-8C37-4141-BBC4-B23AA6C3DB00}"
EndProject
Project("{00D1A9C2-B5F0-4AF3-8072-F6C62B433612}") = "SecureGateDatabase", "SecureGateDatabase\SecureGateDatabase.sqlproj", "{C386B4A6-DDA9-42A3-814D-F791E4BD9EC5}"
EndProject
Project("{2150E333-8FDC-42A3-9474-1A3956D46DE8}") = "Maintenance", "Maintenance", "{89EA0F72-0E85-4FBB-9A32-C1CDC081D458}"
EndProject
Project("{9A19103F-16F7-4668-BE54-9A1E7A4F7556}") = "SecureGate.Maintenance", "SecureGate.Maintenance\SecureGate.Maintenance.csproj", "{8B7D7FE0-A3AA-4E09-A35B-54CFDFEA971A}"
EndProject
Project("{2150E333-8FDC-42A3-9474-1A3956D46DE8}") = "Customer", "Customer", "{5D0A48A4-F2F3-42ED-A36F-57FF71655B92}"
EndProject
Project("{FAE04EC0-301F-11D3-BF4B-00C04F79EFBC}") = "SecureGate.Customer", "SecureGate.Customer\SecureGate.Customer.csproj", "{E825A3E7-70FB-4528-B525-D41106E95537}"
EndProject
Global
	GlobalSection(SolutionConfigurationPlatforms) = preSolution
		Debug|Any CPU = Debug|Any CPU
		Release|Any CPU = Release|Any CPU
	EndGlobalSection
	GlobalSection(ProjectConfigurationPlatforms) = postSolution
		{552DCF4A-F6E9-44A2-B8FB-B147B2CF232F}.Debug|Any CPU.ActiveCfg = Debug|Any CPU
		{552DCF4A-F6E9-44A2-B8FB-B147B2CF232F}.Debug|Any CPU.Build.0 = Debug|Any CPU
		{552DCF4A-F6E9-44A2-B8FB-B147B2CF232F}.Release|Any CPU.ActiveCfg = Release|Any CPU
		{552DCF4A-F6E9-44A2-B8FB-B147B2CF232F}.Release|Any CPU.Build.0 = Release|Any CPU
		{48D6589E-F8D8-4A47-B35E-A80A5005424F}.Debug|Any CPU.ActiveCfg = Debug|Any CPU
		{48D6589E-F8D8-4A47-B35E-A80A5005424F}.Debug|Any CPU.Build.0 = Debug|Any CPU
		{48D6589E-F8D8-4A47-B35E-A80A5005424F}.Release|Any CPU.ActiveCfg = Release|Any CPU
		{48D6589E-F8D8-4A47-B35E-A80A5005424F}.Release|Any CPU.Build.0 = Release|Any CPU
		{15755B60-750D-4D38-A003-2609BD0CE44F}.Debug|Any CPU.ActiveCfg = Debug|Any CPU
		{15755B60-750D-4D38-A003-2609BD0CE44F}.Debug|Any CPU.Build.0 = Debug|Any CPU
		{15755B60-750D-4D38-A003-2609BD0CE44F}.Release|Any CPU.ActiveCfg = Release|Any CPU
		{15755B60-750D-4D38-A003-2609BD0CE44F}.Release|Any CPU.Build.0 = Release|Any CPU
		{9C882E47-8242-4CC6-9F74-551F9FE9DA62}.Debug|Any CPU.ActiveCfg = Debug|Any CPU
		{9C882E47-8242-4CC6-9F74-551F9FE9DA62}.Debug|Any CPU.Build.0 = Debug|Any CPU
		{9C882E47-8242-4CC6-9F74-551F9FE9DA62}.Release|Any CPU.ActiveCfg = Release|Any CPU
		{9C882E47-8242-4CC6-9F74-551F9FE9DA62}.Release|Any CPU.Build.0 = Release|Any CPU
		{1D803B71-90DA-43EA-9B7F-C06B2B164359}.Debug|Any CPU.ActiveCfg = Debug|Any CPU
		{1D803B71-90DA-43EA-9B7F-C06B2B164359}.Debug|Any CPU.Build.0 = Debug|Any CPU
		{1D803B71-90DA-43EA-9B7F-C06B2B164359}.Release|Any CPU.ActiveCfg = Release|Any CPU
		{1D803B71-90DA-43EA-9B7F-C06B2B164359}.Release|Any CPU.Build.0 = Release|Any CPU
		{F528188D-8C37-4141-BBC4-B23AA6C3DB00}.Debug|Any CPU.ActiveCfg = Debug|Any CPU
		{F528188D-8C37-4141-BBC4-B23AA6C3DB00}.Debug|Any CPU.Build.0 = Debug|Any CPU
		{F528188D-8C37-4141-BBC4-B23AA6C3DB00}.Release|Any CPU.ActiveCfg = Release|Any CPU
		{F528188D-8C37-4141-BBC4-B23AA6C3DB00}.Release|Any CPU.Build.0 = Release|Any CPU
		{C386B4A6-DDA9-42A3-814D-F791E4BD9EC5}.Debug|Any CPU.ActiveCfg = Debug|Any CPU
		{C386B4A6-DDA9-42A3-814D-F791E4BD9EC5}.Debug|Any CPU.Build.0 = Debug|Any CPU
		{C386B4A6-DDA9-42A3-814D-F791E4BD9EC5}.Debug|Any CPU.Deploy.0 = Debug|Any CPU
		{C386B4A6-DDA9-42A3-814D-F791E4BD9EC5}.Release|Any CPU.ActiveCfg = Release|Any CPU
		{C386B4A6-DDA9-42A3-814D-F791E4BD9EC5}.Release|Any CPU.Build.0 = Release|Any CPU
		{C386B4A6-DDA9-42A3-814D-F791E4BD9EC5}.Release|Any CPU.Deploy.0 = Release|Any CPU
		{8B7D7FE0-A3AA-4E09-A35B-54CFDFEA971A}.Debug|Any CPU.ActiveCfg = Debug|Any CPU
		{8B7D7FE0-A3AA-4E09-A35B-54CFDFEA971A}.Debug|Any CPU.Build.0 = Debug|Any CPU
		{8B7D7FE0-A3AA-4E09-A35B-54CFDFEA971A}.Release|Any CPU.ActiveCfg = Release|Any CPU
		{8B7D7FE0-A3AA-4E09-A35B-54CFDFEA971A}.Release|Any CPU.Build.0 = Release|Any CPU
		{E825A3E7-70FB-4528-B525-D41106E95537}.Debug|Any CPU.ActiveCfg = Debug|Any CPU
		{E825A3E7-70FB-4528-B525-D41106E95537}.Debug|Any CPU.Build.0 = Debug|Any CPU
		{E825A3E7-70FB-4528-B525-D41106E95537}.Release|Any CPU.ActiveCfg = Release|Any CPU
		{E825A3E7-70FB-4528-B525-D41106E95537}.Release|Any CPU.Build.0 = Release|Any CPU
	EndGlobalSection
	GlobalSection(SolutionProperties) = preSolution
		HideSolutionNode = FALSE
	EndGlobalSection
	GlobalSection(NestedProjects) = preSolution
		{48D6589E-F8D8-4A47-B35E-A80A5005424F} = {D229E83F-9BF1-4DC5-A4B9-01EF0FBEFFA6}
		{15755B60-750D-4D38-A003-2609BD0CE44F} = {08E4FE10-7740-42DB-BE6A-4CDF2CB79FB3}
		{9C882E47-8242-4CC6-9F74-551F9FE9DA62} = {DB8D7EE0-D01F-474D-A029-E0BF44643739}
		{1D803B71-90DA-43EA-9B7F-C06B2B164359} = {1CAF0A23-49C7-4226-8F14-A850E5A1985B}
		{F528188D-8C37-4141-BBC4-B23AA6C3DB00} = {9452CC25-FBD2-4615-9436-787FD2BD4857}
		{8B7D7FE0-A3AA-4E09-A35B-54CFDFEA971A} = {89EA0F72-0E85-4FBB-9A32-C1CDC081D458}
		{E825A3E7-70FB-4528-B525-D41106E95537} = {5D0A48A4-F2F3-42ED-A36F-57FF71655B92}
	EndGlobalSection
	GlobalSection(ExtensibilityGlobals) = postSolution
		SolutionGuid = {0C143EB9-23D8-4F33-BFB4-026C3146426E}
	EndGlobalSection
EndGlobal
